// !$*UTF8*$!
{
	archiveVersion = 1;
	classes = {
	};
	objectVersion = 46;
	objects = {

/* Begin PBXFileReference section */
		35E683AD1C66453300FCFE8A /* cpu.h */ = {isa = PBXFileReference; fileEncoding = 4; lastKnownFileType = sourcecode.c.h; path = cpu.h; sourceTree = "<group>"; };
		35E683AF1C664A6D00FCFE8A /* io.h */ = {isa = PBXFileReference; fileEncoding = 4; lastKnownFileType = sourcecode.c.h; path = io.h; sourceTree = "<group>"; };
		746D78E114ED9A8400CC738F /* Makefile */ = {isa = PBXFileReference; explicitFileType = sourcecode.make; fileEncoding = 4; path = Makefile; sourceTree = "<group>"; };
		9C23CA9C29E5EF2E007DD39E /* ArcadeRoms.c */ = {isa = PBXFileReference; lastKnownFileType = sourcecode.c.c; path = ArcadeRoms.c; sourceTree = "<group>"; };
		9C294956260F55FC00EDA7C9 /* ArcadeRoms.h */ = {isa = PBXFileReference; fileEncoding = 4; lastKnownFileType = sourcecode.c.h; path = ArcadeRoms.h; sourceTree = "<group>"; };
		9C294957260F55FC00EDA7C9 /* EmubaseAC.h */ = {isa = PBXFileReference; fileEncoding = 4; lastKnownFileType = sourcecode.c.h; path = EmubaseAC.h; sourceTree = "<group>"; };
		9C3D5ADD25E3F2ED00E8CD56 /* ARMZ80.h */ = {isa = PBXFileReference; fileEncoding = 4; lastKnownFileType = sourcecode.c.h; path = ARMZ80.h; sourceTree = "<group>"; };
		9C3D5ADE25E3F2ED00E8CD56 /* ARMZ80mac.h */ = {isa = PBXFileReference; fileEncoding = 4; lastKnownFileType = sourcecode.c.h; path = ARMZ80mac.h; sourceTree = "<group>"; };
		9C3D5ADF25E3F2ED00E8CD56 /* ARMZ80.i */ = {isa = PBXFileReference; fileEncoding = 4; lastKnownFileType = sourcecode.c.c.preprocessed; path = ARMZ80.i; sourceTree = "<group>"; };
		9C3D5AE025E3F2ED00E8CD56 /* Version.h */ = {isa = PBXFileReference; fileEncoding = 4; lastKnownFileType = sourcecode.c.h; path = Version.h; sourceTree = "<group>"; };
		9C3D5AE125E3F2ED00E8CD56 /* History.txt */ = {isa = PBXFileReference; fileEncoding = 4; lastKnownFileType = text; path = History.txt; sourceTree = "<group>"; };
		9C3D5AE225E3F2ED00E8CD56 /* ARMZ80.s */ = {isa = PBXFileReference; fileEncoding = 4; lastKnownFileType = sourcecode.asm; path = ARMZ80.s; sourceTree = "<group>"; };
		9C4B985625BC6A0300A3F3B0 /* ARM6809mac.h */ = {isa = PBXFileReference; fileEncoding = 4; lastKnownFileType = sourcecode.c.h; path = ARM6809mac.h; sourceTree = "<group>"; };
		9C4B985725BC6A0300A3F3B0 /* ARM6809ToDo.txt */ = {isa = PBXFileReference; fileEncoding = 4; lastKnownFileType = text; path = ARM6809ToDo.txt; sourceTree = "<group>"; };
		9C4B985825BC6A0300A3F3B0 /* ARM6809.i */ = {isa = PBXFileReference; fileEncoding = 4; lastKnownFileType = sourcecode.c.c.preprocessed; path = ARM6809.i; sourceTree = "<group>"; };
		9C4B985925BC6A0300A3F3B0 /* Version.h */ = {isa = PBXFileReference; fileEncoding = 4; lastKnownFileType = sourcecode.c.h; path = Version.h; sourceTree = "<group>"; };
		9C4B985A25BC6A0300A3F3B0 /* ARM6809.h */ = {isa = PBXFileReference; fileEncoding = 4; lastKnownFileType = sourcecode.c.h; path = ARM6809.h; sourceTree = "<group>"; };
		9C4B985B25BC6A0300A3F3B0 /* History.txt */ = {isa = PBXFileReference; fileEncoding = 4; lastKnownFileType = text; path = History.txt; sourceTree = "<group>"; };
		9C4B985C25BC6A0300A3F3B0 /* ARM6809.s */ = {isa = PBXFileReference; fileEncoding = 4; lastKnownFileType = sourcecode.asm; path = ARM6809.s; sourceTree = "<group>"; };
		9C5081E825D314C900A8E1BA /* ARMZ80_todo.txt */ = {isa = PBXFileReference; fileEncoding = 4; lastKnownFileType = text; path = ARMZ80_todo.txt; sourceTree = "<group>"; };
		9C50820525D45A9A00A8E1BA /* Cart.h */ = {isa = PBXFileReference; fileEncoding = 4; lastKnownFileType = sourcecode.c.h; path = Cart.h; sourceTree = "<group>"; };
		9C50820625D45A9A00A8E1BA /* Sound.s */ = {isa = PBXFileReference; fileEncoding = 4; lastKnownFileType = sourcecode.asm; path = Sound.s; sourceTree = "<group>"; };
		9C50820725D45A9A00A8E1BA /* Main.h */ = {isa = PBXFileReference; fileEncoding = 4; lastKnownFileType = sourcecode.c.h; path = Main.h; sourceTree = "<group>"; };
		9C50820825D45A9A00A8E1BA /* Gfx.s */ = {isa = PBXFileReference; fileEncoding = 4; lastKnownFileType = sourcecode.asm; path = Gfx.s; sourceTree = "<group>"; };
		9C50820925D45A9B00A8E1BA /* Sound.h */ = {isa = PBXFileReference; fileEncoding = 4; lastKnownFileType = sourcecode.c.h; path = Sound.h; sourceTree = "<group>"; };
		9C50820A25D45A9B00A8E1BA /* FileHandling.c */ = {isa = PBXFileReference; fileEncoding = 4; lastKnownFileType = sourcecode.c.c; path = FileHandling.c; sourceTree = "<group>"; };
		9C50820B25D45A9B00A8E1BA /* FileHandling.h */ = {isa = PBXFileReference; fileEncoding = 4; lastKnownFileType = sourcecode.c.h; path = FileHandling.h; sourceTree = "<group>"; };
		9C50820C25D45A9B00A8E1BA /* Main.c */ = {isa = PBXFileReference; fileEncoding = 4; lastKnownFileType = sourcecode.c.c; path = Main.c; sourceTree = "<group>"; };
		9C50820D25D45A9B00A8E1BA /* Gui.c */ = {isa = PBXFileReference; fileEncoding = 4; lastKnownFileType = sourcecode.c.c; path = Gui.c; sourceTree = "<group>"; };
		9C50820E25D45A9B00A8E1BA /* Memory.s */ = {isa = PBXFileReference; fileEncoding = 4; lastKnownFileType = sourcecode.asm; path = Memory.s; sourceTree = "<group>"; };
		9C50820F25D45A9B00A8E1BA /* Cart.s */ = {isa = PBXFileReference; fileEncoding = 4; lastKnownFileType = sourcecode.asm; path = Cart.s; sourceTree = "<group>"; };
		9C50821025D45A9B00A8E1BA /* Gui.h */ = {isa = PBXFileReference; fileEncoding = 4; lastKnownFileType = sourcecode.c.h; path = Gui.h; sourceTree = "<group>"; };
		9C50821125D45A9B00A8E1BA /* Gfx.h */ = {isa = PBXFileReference; fileEncoding = 4; lastKnownFileType = sourcecode.c.h; path = Gfx.h; sourceTree = "<group>"; };
		9C7BB94A25FCD73C00EA9C9C /* EmuFont.grit */ = {isa = PBXFileReference; fileEncoding = 4; lastKnownFileType = text; path = EmuFont.grit; sourceTree = "<group>"; };
		9C7BB94B25FCD73C00EA9C9C /* EmuFont.png */ = {isa = PBXFileReference; lastKnownFileType = image.png; path = EmuFont.png; sourceTree = "<group>"; };
		9C7BB95C25FFF08400EA9C9C /* IronHorse.c */ = {isa = PBXFileReference; fileEncoding = 4; lastKnownFileType = sourcecode.c.c; path = IronHorse.c; sourceTree = "<group>"; };
		9C7BB95D25FFF08400EA9C9C /* IronHorse.h */ = {isa = PBXFileReference; fileEncoding = 4; lastKnownFileType = sourcecode.c.h; path = IronHorse.h; sourceTree = "<group>"; };
		9C8F33EE248ACA2E00996E5A /* nds_asm.h */ = {isa = PBXFileReference; fileEncoding = 4; lastKnownFileType = sourcecode.c.h; path = nds_asm.h; sourceTree = "<group>"; };
		9C8F340C248BAD8500996E5A /* YM2203.h */ = {isa = PBXFileReference; fileEncoding = 4; lastKnownFileType = sourcecode.c.h; path = YM2203.h; sourceTree = "<group>"; };
		9C8F340D248BAD8500996E5A /* YM2203.i */ = {isa = PBXFileReference; fileEncoding = 4; lastKnownFileType = sourcecode.c.c.preprocessed; path = YM2203.i; sourceTree = "<group>"; };
		9C8F340E248BAD9C00996E5A /* AY38910.h */ = {isa = PBXFileReference; fileEncoding = 4; lastKnownFileType = sourcecode.c.h; path = AY38910.h; sourceTree = "<group>"; };
		9C8F340F248BAD9C00996E5A /* AY38910.i */ = {isa = PBXFileReference; fileEncoding = 4; lastKnownFileType = sourcecode.c.c.preprocessed; path = AY38910.i; sourceTree = "<group>"; };
		9C99548B262B325500CE2B94 /* scotrshtVideo.cpp */ = {isa = PBXFileReference; fileEncoding = 4; lastKnownFileType = sourcecode.cpp.cpp; path = scotrshtVideo.cpp; sourceTree = "<group>"; };
		9C99548C262B325500CE2B94 /* scotrsht.cpp */ = {isa = PBXFileReference; fileEncoding = 4; lastKnownFileType = sourcecode.cpp.cpp; path = scotrsht.cpp; sourceTree = "<group>"; };
		9CB419E52B9DBEAD00CBF5F4 /* Version.h */ = {isa = PBXFileReference; lastKnownFileType = sourcecode.c.h; path = Version.h; sourceTree = "<group>"; };
		9CB419E62B9DBEAD00CBF5F4 /* VLM5030_todo.txt */ = {isa = PBXFileReference; lastKnownFileType = text; path = VLM5030_todo.txt; sourceTree = "<group>"; };
		9CB419E72B9DBEAD00CBF5F4 /* vlm5030.c */ = {isa = PBXFileReference; lastKnownFileType = sourcecode.c.c; path = vlm5030.c; sourceTree = "<group>"; };
		9CB419E82B9DBEAD00CBF5F4 /* VLM503Asm.s */ = {isa = PBXFileReference; lastKnownFileType = sourcecode.asm; path = VLM503Asm.s; sourceTree = "<group>"; };
		9CB419E92B9DBEAD00CBF5F4 /* README.md */ = {isa = PBXFileReference; lastKnownFileType = net.daringfireball.markdown; path = README.md; sourceTree = "<group>"; };
		9CB419EA2B9DBEAD00CBF5F4 /* History.txt */ = {isa = PBXFileReference; lastKnownFileType = text; path = History.txt; sourceTree = "<group>"; };
		9CB419EB2B9DBEAD00CBF5F4 /* vlm5030.h */ = {isa = PBXFileReference; lastKnownFileType = sourcecode.c.h; path = vlm5030.h; sourceTree = "<group>"; };
		9CB419EC2B9F789100CBF5F4 /* Finalizer.c */ = {isa = PBXFileReference; lastKnownFileType = sourcecode.c.c; path = Finalizer.c; sourceTree = "<group>"; };
		9CB419ED2B9F789100CBF5F4 /* Finalizer.h */ = {isa = PBXFileReference; lastKnownFileType = sourcecode.c.h; path = Finalizer.h; sourceTree = "<group>"; };
		9CB419EE2B9F79C900CBF5F4 /* FinalizerAsm.s */ = {isa = PBXFileReference; lastKnownFileType = sourcecode.asm; path = FinalizerAsm.s; sourceTree = "<group>"; };
		9CB419EF2B9F8B4A00CBF5F4 /* JailBreak.h */ = {isa = PBXFileReference; lastKnownFileType = sourcecode.c.h; path = JailBreak.h; sourceTree = "<group>"; };
		9CB419F02B9F8B4A00CBF5F4 /* JailBreak.c */ = {isa = PBXFileReference; lastKnownFileType = sourcecode.c.c; path = JailBreak.c; sourceTree = "<group>"; };
		9CB419F12BA0B8A100CBF5F4 /* JailBreakAsm.s */ = {isa = PBXFileReference; lastKnownFileType = sourcecode.asm; path = JailBreakAsm.s; sourceTree = "<group>"; };
		9CB419F22BA17FF800CBF5F4 /* Jackal.c */ = {isa = PBXFileReference; lastKnownFileType = sourcecode.c.c; path = Jackal.c; sourceTree = "<group>"; };
		9CB419F32BA17FF800CBF5F4 /* Jackal.h */ = {isa = PBXFileReference; lastKnownFileType = sourcecode.c.h; path = Jackal.h; sourceTree = "<group>"; };
		9CB419F42BA1803700CBF5F4 /* JackalAsm.s */ = {isa = PBXFileReference; lastKnownFileType = sourcecode.asm; path = JackalAsm.s; sourceTree = "<group>"; };
		9CBEE0EF26F0F1180095347A /* README.md */ = {isa = PBXFileReference; fileEncoding = 4; lastKnownFileType = net.daringfireball.markdown; path = README.md; sourceTree = "<group>"; };
		9CBEE0F026F0F1540095347A /* README.md */ = {isa = PBXFileReference; fileEncoding = 4; lastKnownFileType = net.daringfireball.markdown; path = README.md; sourceTree = "<group>"; };
		9CBEE0F126F0F15F0095347A /* README.md */ = {isa = PBXFileReference; fileEncoding = 4; lastKnownFileType = net.daringfireball.markdown; path = README.md; sourceTree = "<group>"; };
		9CBEE0F226F0F17A0095347A /* README.md */ = {isa = PBXFileReference; fileEncoding = 4; lastKnownFileType = net.daringfireball.markdown; path = README.md; sourceTree = "<group>"; };
		9CBEE0F326F0F1890095347A /* README.md */ = {isa = PBXFileReference; fileEncoding = 4; lastKnownFileType = net.daringfireball.markdown; path = README.md; sourceTree = "<group>"; };
		9CBEE0F426F0F1940095347A /* README.md */ = {isa = PBXFileReference; fileEncoding = 4; lastKnownFileType = net.daringfireball.markdown; path = README.md; sourceTree = "<group>"; };
		9CBEE0F526F0F19C0095347A /* AY38910ToDo.txt */ = {isa = PBXFileReference; fileEncoding = 4; lastKnownFileType = text; path = AY38910ToDo.txt; sourceTree = "<group>"; };
		9CBEE0F626F0F1B50095347A /* README.md */ = {isa = PBXFileReference; fileEncoding = 4; lastKnownFileType = net.daringfireball.markdown; path = README.md; sourceTree = "<group>"; };
		9CBEE0F726F0F1B50095347A /* EmuSettings.h */ = {isa = PBXFileReference; fileEncoding = 4; lastKnownFileType = sourcecode.c.h; path = EmuSettings.h; sourceTree = "<group>"; };
		9CE2E0712B85194C00B19B2B /* GreenBeret.h */ = {isa = PBXFileReference; lastKnownFileType = sourcecode.c.h; path = GreenBeret.h; sourceTree = "<group>"; };
		9CE2E0722B85194C00B19B2B /* GreenBeret.c */ = {isa = PBXFileReference; lastKnownFileType = sourcecode.c.c; path = GreenBeret.c; sourceTree = "<group>"; };
		9CE2E0742B85EE4900B19B2B /* Version.h */ = {isa = PBXFileReference; lastKnownFileType = sourcecode.c.h; path = Version.h; sourceTree = "<group>"; };
		9CE2E0752B85EE4900B19B2B /* SN76496.s */ = {isa = PBXFileReference; lastKnownFileType = sourcecode.asm; path = SN76496.s; sourceTree = "<group>"; };
		9CE2E0762B85EE4900B19B2B /* SN76496.h */ = {isa = PBXFileReference; lastKnownFileType = sourcecode.c.h; path = SN76496.h; sourceTree = "<group>"; };
		9CE2E0772B85EE4900B19B2B /* SN76496.i */ = {isa = PBXFileReference; lastKnownFileType = sourcecode.c.c.preprocessed; path = SN76496.i; sourceTree = "<group>"; };
		9CE2E0782B85EE4900B19B2B /* SN76496_todo.txt */ = {isa = PBXFileReference; lastKnownFileType = text; path = SN76496_todo.txt; sourceTree = "<group>"; };
		9CE2E0792B85EE4900B19B2B /* README.md */ = {isa = PBXFileReference; lastKnownFileType = net.daringfireball.markdown; path = README.md; sourceTree = "<group>"; };
		9CE2E07A2B85EE4900B19B2B /* History.txt */ = {isa = PBXFileReference; lastKnownFileType = text; path = History.txt; sourceTree = "<group>"; };
		9CE2E07C2B8F34A400B19B2B /* GreenBeretAsm.s */ = {isa = PBXFileReference; lastKnownFileType = sourcecode.asm; path = GreenBeretAsm.s; sourceTree = "<group>"; };
		9CE2E07D2B8F372C00B19B2B /* IronHorseAsm.s */ = {isa = PBXFileReference; lastKnownFileType = sourcecode.asm; path = IronHorseAsm.s; sourceTree = "<group>"; };
		9CE2E0822B93D9CC00B19B2B /* gberet.cpp */ = {isa = PBXFileReference; lastKnownFileType = sourcecode.cpp.cpp; path = gberet.cpp; sourceTree = "<group>"; };
		9CE2E0832B93D9CC00B19B2B /* gberetVideo.cpp */ = {isa = PBXFileReference; lastKnownFileType = sourcecode.cpp.cpp; path = gberetVideo.cpp; sourceTree = "<group>"; };
		9CE2E0842B978C2B00B19B2B /* DoubleDribble.c */ = {isa = PBXFileReference; lastKnownFileType = sourcecode.c.c; path = DoubleDribble.c; sourceTree = "<group>"; };
		9CE2E0852B978C2B00B19B2B /* DoubleDribble.h */ = {isa = PBXFileReference; lastKnownFileType = sourcecode.c.h; path = DoubleDribble.h; sourceTree = "<group>"; };
		9CE2E0862B978C2B00B19B2B /* DoubleDribbleAsm.s */ = {isa = PBXFileReference; lastKnownFileType = sourcecode.asm; path = DoubleDribbleAsm.s; sourceTree = "<group>"; };
		A40F3DBD1D8078130025AAD3 /* AY38910.s */ = {isa = PBXFileReference; fileEncoding = 4; lastKnownFileType = sourcecode.asm; path = AY38910.s; sourceTree = "<group>"; };
		A40F3DC01D8078130025AAD3 /* History.txt */ = {isa = PBXFileReference; fileEncoding = 4; lastKnownFileType = text; path = History.txt; sourceTree = "<group>"; };
		A40F3DC21D8078130025AAD3 /* Version.h */ = {isa = PBXFileReference; fileEncoding = 4; lastKnownFileType = sourcecode.c.h; path = Version.h; sourceTree = "<group>"; };
		A40F3DC31D8078130025AAD3 /* History.txt */ = {isa = PBXFileReference; fileEncoding = 4; lastKnownFileType = text; path = History.txt; sourceTree = "<group>"; };
		A40F3DC51D8078130025AAD3 /* Version.h */ = {isa = PBXFileReference; fileEncoding = 4; lastKnownFileType = sourcecode.c.h; path = Version.h; sourceTree = "<group>"; };
		A40F3DC61D8078130025AAD3 /* YM2203.s */ = {isa = PBXFileReference; fileEncoding = 4; lastKnownFileType = sourcecode.asm; path = YM2203.s; sourceTree = "<group>"; };
		A42D026A205FEC6E00515C72 /* ironhorsVideo.cpp */ = {isa = PBXFileReference; fileEncoding = 4; lastKnownFileType = sourcecode.cpp.cpp; path = ironhorsVideo.cpp; sourceTree = "<group>"; };
		A42D026B205FEC6E00515C72 /* ironhors.cpp */ = {isa = PBXFileReference; fileEncoding = 4; lastKnownFileType = sourcecode.cpp.cpp; path = ironhors.cpp; sourceTree = "<group>"; };
		A46DA0551D89E6C000E1A712 /* K005849.i */ = {isa = PBXFileReference; fileEncoding = 4; lastKnownFileType = sourcecode.c.c.preprocessed; path = K005849.i; sourceTree = "<group>"; };
		A473057E1D575449004F6525 /* History.txt */ = {isa = PBXFileReference; fileEncoding = 4; lastKnownFileType = text; path = History.txt; sourceTree = "<group>"; };
		A473057F1D575449004F6525 /* K005849.h */ = {isa = PBXFileReference; fileEncoding = 4; lastKnownFileType = sourcecode.c.h; path = K005849.h; sourceTree = "<group>"; };
		A47305801D575449004F6525 /* K005849.s */ = {isa = PBXFileReference; fileEncoding = 4; lastKnownFileType = sourcecode.asm; path = K005849.s; sourceTree = "<group>"; };
		A47305811D575449004F6525 /* K005849_todo.txt */ = {isa = PBXFileReference; fileEncoding = 4; lastKnownFileType = text; path = K005849_todo.txt; sourceTree = "<group>"; };
		A47305821D575449004F6525 /* Version.h */ = {isa = PBXFileReference; fileEncoding = 4; lastKnownFileType = sourcecode.c.h; path = Version.h; sourceTree = "<group>"; };
		A47F092B20863AF5004E1DA6 /* EmuMenu.h */ = {isa = PBXFileReference; fileEncoding = 4; lastKnownFileType = sourcecode.c.h; path = EmuMenu.h; sourceTree = "<group>"; };
		A47F092C20863AF5004E1DA6 /* EmuMenu.c */ = {isa = PBXFileReference; fileEncoding = 4; lastKnownFileType = sourcecode.c.c; path = EmuMenu.c; sourceTree = "<group>"; };
		A49D34381757E54900BD9B4B /* cpu.s */ = {isa = PBXFileReference; fileEncoding = 4; lastKnownFileType = sourcecode.asm; path = cpu.s; sourceTree = "<group>"; };
		A49D34401757E54900BD9B4B /* io.s */ = {isa = PBXFileReference; fileEncoding = 4; lastKnownFileType = sourcecode.asm; path = io.s; sourceTree = "<group>"; };
		A4AA02141B04077F0043E4D4 /* History.txt */ = {isa = PBXFileReference; fileEncoding = 4; lastKnownFileType = text; path = History.txt; sourceTree = "<group>"; };
		A4D0E10A208930D100401463 /* crc32.h */ = {isa = PBXFileReference; fileEncoding = 4; lastKnownFileType = sourcecode.c.h; path = crc32.h; sourceTree = "<group>"; };
		A4D0E10B208930D100401463 /* FileHelper.h */ = {isa = PBXFileReference; fileEncoding = 4; lastKnownFileType = sourcecode.c.h; path = FileHelper.h; sourceTree = "<group>"; };
		A4D0E10D208930D100401463 /* unzipnds.c */ = {isa = PBXFileReference; fileEncoding = 4; lastKnownFileType = sourcecode.c.c; path = unzipnds.c; sourceTree = "<group>"; };
		A4D0E10E208930D100401463 /* puff.h */ = {isa = PBXFileReference; fileEncoding = 4; lastKnownFileType = sourcecode.c.h; path = puff.h; sourceTree = "<group>"; };
		A4D0E10F208930D100401463 /* unzipnds.h */ = {isa = PBXFileReference; fileEncoding = 4; lastKnownFileType = sourcecode.c.h; path = unzipnds.h; sourceTree = "<group>"; };
		A4D0E110208930D100401463 /* puff.c */ = {isa = PBXFileReference; fileEncoding = 4; lastKnownFileType = sourcecode.c.c; path = puff.c; sourceTree = "<group>"; };
		A4D0E111208930D100401463 /* crc32.c */ = {isa = PBXFileReference; fileEncoding = 4; lastKnownFileType = sourcecode.c.c; path = crc32.c; sourceTree = "<group>"; };
		A4D0E112208930D100401463 /* FileHelper.c */ = {isa = PBXFileReference; fileEncoding = 4; lastKnownFileType = sourcecode.c.c; path = FileHelper.c; sourceTree = "<group>"; };
		A4D0E11C2089E28D00401463 /* AsmExtra.s */ = {isa = PBXFileReference; fileEncoding = 4; lastKnownFileType = sourcecode.asm; path = AsmExtra.s; sourceTree = "<group>"; };
		A4D0E11D2089E28D00401463 /* AsmExtra.h */ = {isa = PBXFileReference; fileEncoding = 4; lastKnownFileType = sourcecode.c.h; path = AsmExtra.h; sourceTree = "<group>"; };
		A4DA29B117651A3800810B12 /* K80DS_todo.txt */ = {isa = PBXFileReference; fileEncoding = 4; lastKnownFileType = text; path = K80DS_todo.txt; sourceTree = "<group>"; };
/* End PBXFileReference section */

/* Begin PBXGroup section */
		742141B214E7EA40003EBFD3 = {
			isa = PBXGroup;
			children = (
				A4DA29B117651A3800810B12 /* K80DS_todo.txt */,
				A4AA02141B04077F0043E4D4 /* History.txt */,
				9CBEE0EF26F0F1180095347A /* README.md */,
				A42D0269205FEC6E00515C72 /* Docs */,
				746D78E014ED9A6D00CC738F /* makefile */,
				A48CC0251618E65200465E20 /* source */,
			);
			sourceTree = "<group>";
			usesTabs = 1;
			wrapsLines = 0;
		};
		746D78E014ED9A6D00CC738F /* makefile */ = {
			isa = PBXGroup;
			children = (
				746D78E114ED9A8400CC738F /* Makefile */,
			);
			name = makefile;
			sourceTree = "<group>";
		};
		9C5081E425D314C900A8E1BA /* ARMZ80 */ = {
			isa = PBXGroup;
			children = (
				9C5081E825D314C900A8E1BA /* ARMZ80_todo.txt */,
				9CBEE0F126F0F15F0095347A /* README.md */,
				9C3D5AE125E3F2ED00E8CD56 /* History.txt */,
				9C3D5AE025E3F2ED00E8CD56 /* Version.h */,
				9C3D5ADD25E3F2ED00E8CD56 /* ARMZ80.h */,
				9C3D5ADF25E3F2ED00E8CD56 /* ARMZ80.i */,
				9C3D5ADE25E3F2ED00E8CD56 /* ARMZ80mac.h */,
				9C3D5AE225E3F2ED00E8CD56 /* ARMZ80.s */,
			);
			path = ARMZ80;
			sourceTree = "<group>";
		};
		9C7BB94925FCD73C00EA9C9C /* graphics */ = {
			isa = PBXGroup;
			children = (
				9C7BB94A25FCD73C00EA9C9C /* EmuFont.grit */,
				9C7BB94B25FCD73C00EA9C9C /* EmuFont.png */,
			);
			path = graphics;
			sourceTree = "<group>";
		};
		9CB419E42B9DBEAD00CBF5F4 /* VLM5030 */ = {
			isa = PBXGroup;
			children = (
				9CB419E62B9DBEAD00CBF5F4 /* VLM5030_todo.txt */,
				9CB419E92B9DBEAD00CBF5F4 /* README.md */,
				9CB419EA2B9DBEAD00CBF5F4 /* History.txt */,
				9CB419E52B9DBEAD00CBF5F4 /* Version.h */,
				9CB419EB2B9DBEAD00CBF5F4 /* vlm5030.h */,
				9CB419E72B9DBEAD00CBF5F4 /* vlm5030.c */,
				9CB419E82B9DBEAD00CBF5F4 /* VLM503Asm.s */,
			);
			path = VLM5030;
			sourceTree = "<group>";
		};
		9CE2E0732B85EE4900B19B2B /* SN76496 */ = {
			isa = PBXGroup;
			children = (
				9CE2E0782B85EE4900B19B2B /* SN76496_todo.txt */,
				9CE2E0792B85EE4900B19B2B /* README.md */,
				9CE2E07A2B85EE4900B19B2B /* History.txt */,
				9CE2E0742B85EE4900B19B2B /* Version.h */,
				9CE2E0762B85EE4900B19B2B /* SN76496.h */,
				9CE2E0772B85EE4900B19B2B /* SN76496.i */,
				9CE2E0752B85EE4900B19B2B /* SN76496.s */,
			);
			path = SN76496;
			sourceTree = "<group>";
		};
		9CE2E07B2B8F17FA00B19B2B /* Games */ = {
			isa = PBXGroup;
			children = (
				9CE2E0852B978C2B00B19B2B /* DoubleDribble.h */,
				9CE2E0842B978C2B00B19B2B /* DoubleDribble.c */,
				9CE2E0862B978C2B00B19B2B /* DoubleDribbleAsm.s */,
				9CB419ED2B9F789100CBF5F4 /* Finalizer.h */,
				9CB419EC2B9F789100CBF5F4 /* Finalizer.c */,
				9CB419EE2B9F79C900CBF5F4 /* FinalizerAsm.s */,
				9CE2E0712B85194C00B19B2B /* GreenBeret.h */,
				9CE2E0722B85194C00B19B2B /* GreenBeret.c */,
				9CE2E07C2B8F34A400B19B2B /* GreenBeretAsm.s */,
				9C7BB95D25FFF08400EA9C9C /* IronHorse.h */,
				9C7BB95C25FFF08400EA9C9C /* IronHorse.c */,
				9CE2E07D2B8F372C00B19B2B /* IronHorseAsm.s */,
				9CB419F32BA17FF800CBF5F4 /* Jackal.h */,
				9CB419F22BA17FF800CBF5F4 /* Jackal.c */,
				9CB419F42BA1803700CBF5F4 /* JackalAsm.s */,
				9CB419EF2B9F8B4A00CBF5F4 /* JailBreak.h */,
				9CB419F02B9F8B4A00CBF5F4 /* JailBreak.c */,
				9CB419F12BA0B8A100CBF5F4 /* JailBreakAsm.s */,
			);
			path = Games;
			sourceTree = "<group>";
		};
		A40F3DBB1D8078130025AAD3 /* YM2203 */ = {
			isa = PBXGroup;
			children = (
				A40F3DBC1D8078130025AAD3 /* AY38910 */,
				9CBEE0F326F0F1890095347A /* README.md */,
				A40F3DC31D8078130025AAD3 /* History.txt */,
				A40F3DC51D8078130025AAD3 /* Version.h */,
				9C8F340C248BAD8500996E5A /* YM2203.h */,
				9C8F340D248BAD8500996E5A /* YM2203.i */,
				A40F3DC61D8078130025AAD3 /* YM2203.s */,
			);
			path = YM2203;
			sourceTree = "<group>";
		};
		A40F3DBC1D8078130025AAD3 /* AY38910 */ = {
			isa = PBXGroup;
			children = (
				9CBEE0F526F0F19C0095347A /* AY38910ToDo.txt */,
				9CBEE0F426F0F1940095347A /* README.md */,
				A40F3DC01D8078130025AAD3 /* History.txt */,
				A40F3DC21D8078130025AAD3 /* Version.h */,
				9C8F340E248BAD9C00996E5A /* AY38910.h */,
				9C8F340F248BAD9C00996E5A /* AY38910.i */,
				A40F3DBD1D8078130025AAD3 /* AY38910.s */,
			);
			path = AY38910;
			sourceTree = "<group>";
		};
		A42D0269205FEC6E00515C72 /* Docs */ = {
			isa = PBXGroup;
			children = (
				9CE2E0822B93D9CC00B19B2B /* gberet.cpp */,
				9CE2E0832B93D9CC00B19B2B /* gberetVideo.cpp */,
				A42D026B205FEC6E00515C72 /* ironhors.cpp */,
				A42D026A205FEC6E00515C72 /* ironhorsVideo.cpp */,
				9C99548C262B325500CE2B94 /* scotrsht.cpp */,
				9C99548B262B325500CE2B94 /* scotrshtVideo.cpp */,
			);
			path = Docs;
			sourceTree = "<group>";
		};
		A473057D1D575449004F6525 /* K005849 */ = {
			isa = PBXGroup;
			children = (
				A47305811D575449004F6525 /* K005849_todo.txt */,
				9CBEE0F226F0F17A0095347A /* README.md */,
				A473057E1D575449004F6525 /* History.txt */,
				A47305821D575449004F6525 /* Version.h */,
				A473057F1D575449004F6525 /* K005849.h */,
				A46DA0551D89E6C000E1A712 /* K005849.i */,
				A47305801D575449004F6525 /* K005849.s */,
			);
			path = K005849;
			sourceTree = "<group>";
		};
		A47305831D577EF2004F6525 /* ARM6809 */ = {
			isa = PBXGroup;
			children = (
				9C4B985725BC6A0300A3F3B0 /* ARM6809ToDo.txt */,
				9CBEE0F026F0F1540095347A /* README.md */,
				9C4B985B25BC6A0300A3F3B0 /* History.txt */,
				9C4B985925BC6A0300A3F3B0 /* Version.h */,
				9C4B985A25BC6A0300A3F3B0 /* ARM6809.h */,
				9C4B985825BC6A0300A3F3B0 /* ARM6809.i */,
				9C4B985625BC6A0300A3F3B0 /* ARM6809mac.h */,
				9C4B985C25BC6A0300A3F3B0 /* ARM6809.s */,
			);
			path = ARM6809;
			sourceTree = "<group>";
		};
		A47F092A20863AF5004E1DA6 /* Shared */ = {
			isa = PBXGroup;
			children = (
				9C7BB94925FCD73C00EA9C9C /* graphics */,
				A4D0E10C208930D100401463 /* Unzip */,
				9CBEE0F626F0F1B50095347A /* README.md */,
				9C8F33EE248ACA2E00996E5A /* nds_asm.h */,
				9CBEE0F726F0F1B50095347A /* EmuSettings.h */,
				A47F092B20863AF5004E1DA6 /* EmuMenu.h */,
				A47F092C20863AF5004E1DA6 /* EmuMenu.c */,
				A4D0E10B208930D100401463 /* FileHelper.h */,
				A4D0E112208930D100401463 /* FileHelper.c */,
				A4D0E10A208930D100401463 /* crc32.h */,
				A4D0E111208930D100401463 /* crc32.c */,
				A4D0E11D2089E28D00401463 /* AsmExtra.h */,
				A4D0E11C2089E28D00401463 /* AsmExtra.s */,
				9C294956260F55FC00EDA7C9 /* ArcadeRoms.h */,
				9C23CA9C29E5EF2E007DD39E /* ArcadeRoms.c */,
				9C294957260F55FC00EDA7C9 /* EmubaseAC.h */,
			);
			path = Shared;
			sourceTree = "<group>";
		};
		A48CC0251618E65200465E20 /* source */ = {
			isa = PBXGroup;
			children = (
				A47305831D577EF2004F6525 /* ARM6809 */,
				9C5081E425D314C900A8E1BA /* ARMZ80 */,
				A473057D1D575449004F6525 /* K005849 */,
				A40F3DBB1D8078130025AAD3 /* YM2203 */,
				9CE2E0732B85EE4900B19B2B /* SN76496 */,
				9CB419E42B9DBEAD00CBF5F4 /* VLM5030 */,
				A47F092A20863AF5004E1DA6 /* Shared */,
				9CE2E07B2B8F17FA00B19B2B /* Games */,
				9C50820725D45A9A00A8E1BA /* Main.h */,
				9C50820C25D45A9B00A8E1BA /* Main.c */,
				9C50821025D45A9B00A8E1BA /* Gui.h */,
				9C50820D25D45A9B00A8E1BA /* Gui.c */,
				9C50820B25D45A9B00A8E1BA /* FileHandling.h */,
				9C50820A25D45A9B00A8E1BA /* FileHandling.c */,
				9C50820525D45A9A00A8E1BA /* Cart.h */,
				9C50820F25D45A9B00A8E1BA /* Cart.s */,
				35E683AD1C66453300FCFE8A /* cpu.h */,
				A49D34381757E54900BD9B4B /* cpu.s */,
				35E683AF1C664A6D00FCFE8A /* io.h */,
				A49D34401757E54900BD9B4B /* io.s */,
				9C50820925D45A9B00A8E1BA /* Sound.h */,
				9C50820625D45A9A00A8E1BA /* Sound.s */,
				9C50821125D45A9B00A8E1BA /* Gfx.h */,
				9C50820825D45A9A00A8E1BA /* Gfx.s */,
				9C50820E25D45A9B00A8E1BA /* Memory.s */,
			);
			path = source;
			sourceTree = "<group>";
		};
		A4D0E10C208930D100401463 /* Unzip */ = {
			isa = PBXGroup;
			children = (
				A4D0E10E208930D100401463 /* puff.h */,
				A4D0E110208930D100401463 /* puff.c */,
				A4D0E10F208930D100401463 /* unzipnds.h */,
				A4D0E10D208930D100401463 /* unzipnds.c */,
			);
			path = Unzip;
			sourceTree = "<group>";
		};
/* End PBXGroup section */

/* Begin PBXLegacyTarget section */
		A45BB8C91618FB840009569D /* K80DS */ = {
			isa = PBXLegacyTarget;
			buildArgumentsString = "$(ACTION)";
			buildConfigurationList = A45BB8CC1618FB840009569D /* Build configuration list for PBXLegacyTarget "K80DS" */;
			buildPhases = (
			);
			buildToolPath = /usr/bin/make;
			dependencies = (
			);
			name = K80DS;
			passBuildSettingsInEnvironment = 1;
			productName = NitroGrafx;
		};
/* End PBXLegacyTarget section */

/* Begin PBXProject section */
		742141B414E7EA40003EBFD3 /* Project object */ = {
			isa = PBXProject;
			attributes = {
				LastUpgradeCheck = 0410;
			};
			buildConfigurationList = 742141B714E7EA40003EBFD3 /* Build configuration list for PBXProject "K80DS" */;
			compatibilityVersion = "Xcode 3.2";
			developmentRegion = en;
			hasScannedForEncodings = 0;
			knownRegions = (
				en,
				Base,
			);
			mainGroup = 742141B214E7EA40003EBFD3;
			projectDirPath = "";
			projectRoot = "";
			targets = (
				A45BB8C91618FB840009569D /* K80DS */,
			);
		};
/* End PBXProject section */

/* Begin XCBuildConfiguration section */
		742141B514E7EA40003EBFD3 /* Debug */ = {
			isa = XCBuildConfiguration;
			buildSettings = {
			};
			name = Debug;
		};
		742141B614E7EA40003EBFD3 /* Release */ = {
			isa = XCBuildConfiguration;
			buildSettings = {
			};
			name = Release;
		};
		A45BB8CA1618FB840009569D /* Debug */ = {
			isa = XCBuildConfiguration;
			buildSettings = {
				DEVKITARM = $DEVKITPRO/devkitarm;
				DEVKITPRO = /opt/devkitpro;
				PRODUCT_NAME = K80DS;
			};
			name = Debug;
		};
		A45BB8CB1618FB840009569D /* Release */ = {
			isa = XCBuildConfiguration;
			buildSettings = {
				DEVKITARM = $DEVKITPRO/devkitarm;
				DEVKITPRO = /opt/devkitpro;
				PRODUCT_NAME = K80DS;
			};
			name = Release;
		};
/* End XCBuildConfiguration section */

/* Begin XCConfigurationList section */
		742141B714E7EA40003EBFD3 /* Build configuration list for PBXProject "K80DS" */ = {
			isa = XCConfigurationList;
			buildConfigurations = (
				742141B514E7EA40003EBFD3 /* Debug */,
				742141B614E7EA40003EBFD3 /* Release */,
			);
			defaultConfigurationIsVisible = 0;
			defaultConfigurationName = Release;
		};
		A45BB8CC1618FB840009569D /* Build configuration list for PBXLegacyTarget "K80DS" */ = {
			isa = XCConfigurationList;
			buildConfigurations = (
				A45BB8CA1618FB840009569D /* Debug */,
				A45BB8CB1618FB840009569D /* Release */,
			);
			defaultConfigurationIsVisible = 0;
			defaultConfigurationName = Release;
		};
/* End XCConfigurationList section */
	};
	rootObject = 742141B414E7EA40003EBFD3 /* Project object */;
}
